
Microsoft Visual Studio Solution File, Format Version 12.00
# Visual Studio Version 16
VisualStudioVersion = 16.0.31112.23
MinimumVisualStudioVersion = 10.0.40219.1
Project("{FAE04EC0-301F-11D3-BF4B-00C04F79EFBC}") = "Inlock_games_WebApi", "Inlock_games_WebApi\Inlock_games_WebApi.csproj", "{4CF9E686-DA12-444A-849E-4669E54D6545}"
EndProject
Global
	GlobalSection(SolutionConfigurationPlatforms) = preSolution
		Debug|Any CPU = Debug|Any CPU
		Release|Any CPU = Release|Any CPU
	EndGlobalSection
	GlobalSection(ProjectConfigurationPlatforms) = postSolution
		{4CF9E686-DA12-444A-849E-4669E54D6545}.Debug|Any CPU.ActiveCfg = Debug|Any CPU
		{4CF9E686-DA12-444A-849E-4669E54D6545}.Debug|Any CPU.Build.0 = Debug|Any CPU
		{4CF9E686-DA12-444A-849E-4669E54D6545}.Release|Any CPU.ActiveCfg = Release|Any CPU
		{4CF9E686-DA12-444A-849E-4669E54D6545}.Release|Any CPU.Build.0 = Release|Any CPU
	EndGlobalSection
	GlobalSection(SolutionProperties) = preSolution
		HideSolutionNode = FALSE
	EndGlobalSection
	GlobalSection(ExtensibilityGlobals) = postSolution
		SolutionGuid = {C400FD76-255B-4F1A-B174-91A7F4105BA7}
	EndGlobalSection
EndGlobal
