
Microsoft Visual Studio Solution File, Format Version 12.00
# Visual Studio Version 16
VisualStudioVersion = 16.0.31112.23
MinimumVisualStudioVersion = 10.0.40219.1
Project("{FAE04EC0-301F-11D3-BF4B-00C04F79EFBC}") = "Peoples_WebApi", "Peoples_WebApi\Peoples_WebApi.csproj", "{116C1066-8849-4E22-9551-E064B9ABAF0E}"
EndProject
Global
	GlobalSection(SolutionConfigurationPlatforms) = preSolution
		Debug|Any CPU = Debug|Any CPU
		Release|Any CPU = Release|Any CPU
	EndGlobalSection
	GlobalSection(ProjectConfigurationPlatforms) = postSolution
		{116C1066-8849-4E22-9551-E064B9ABAF0E}.Debug|Any CPU.ActiveCfg = Debug|Any CPU
		{116C1066-8849-4E22-9551-E064B9ABAF0E}.Debug|Any CPU.Build.0 = Debug|Any CPU
		{116C1066-8849-4E22-9551-E064B9ABAF0E}.Release|Any CPU.ActiveCfg = Release|Any CPU
		{116C1066-8849-4E22-9551-E064B9ABAF0E}.Release|Any CPU.Build.0 = Release|Any CPU
	EndGlobalSection
	GlobalSection(SolutionProperties) = preSolution
		HideSolutionNode = FALSE
	EndGlobalSection
	GlobalSection(ExtensibilityGlobals) = postSolution
		SolutionGuid = {EB5725C5-7E26-47E3-B61E-66BFA451F330}
	EndGlobalSection
EndGlobal
